// !$*UTF8*$!
{
	archiveVersion = 1;
	classes = {
	};
	objectVersion = 46;
	objects = {

/* Begin PBXBuildFile section */
		CC59B52D1CBBC08E00518A22 /* main.m in Sources */ = {isa = PBXBuildFile; fileRef = CC59B52C1CBBC08E00518A22 /* main.m */; };
		CC59B5301CBBC08E00518A22 /* AppDelegate.m in Sources */ = {isa = PBXBuildFile; fileRef = CC59B52F1CBBC08E00518A22 /* AppDelegate.m */; };
		CC59B5331CBBC08E00518A22 /* ViewController.m in Sources */ = {isa = PBXBuildFile; fileRef = CC59B5321CBBC08E00518A22 /* ViewController.m */; };
		CC59B5361CBBC08E00518A22 /* Main.storyboard in Resources */ = {isa = PBXBuildFile; fileRef = CC59B5341CBBC08E00518A22 /* Main.storyboard */; };
		CC59B5381CBBC08E00518A22 /* Assets.xcassets in Resources */ = {isa = PBXBuildFile; fileRef = CC59B5371CBBC08E00518A22 /* Assets.xcassets */; };
		CC59B53B1CBBC08E00518A22 /* LaunchScreen.storyboard in Resources */ = {isa = PBXBuildFile; fileRef = CC59B5391CBBC08E00518A22 /* LaunchScreen.storyboard */; };
		CC59B5461CBBC08E00518A22 /* LSTGWithStoryboardTests.m in Sources */ = {isa = PBXBuildFile; fileRef = CC59B5451CBBC08E00518A22 /* LSTGWithStoryboardTests.m */; };
		CC59B5511CBBC08E00518A22 /* LSTGWithStoryboardUITests.m in Sources */ = {isa = PBXBuildFile; fileRef = CC59B5501CBBC08E00518A22 /* LSTGWithStoryboardUITests.m */; };
		CC59B5701CBBC23200518A22 /* icon_00.png in Resources */ = {isa = PBXBuildFile; fileRef = CC59B5601CBBC23200518A22 /* icon_00.png */; };
		CC59B5711CBBC23200518A22 /* icon_01.png in Resources */ = {isa = PBXBuildFile; fileRef = CC59B5611CBBC23200518A22 /* icon_01.png */; };
		CC59B5721CBBC23200518A22 /* icon_02.png in Resources */ = {isa = PBXBuildFile; fileRef = CC59B5621CBBC23200518A22 /* icon_02.png */; };
		CC59B5731CBBC23200518A22 /* icon_03.png in Resources */ = {isa = PBXBuildFile; fileRef = CC59B5631CBBC23200518A22 /* icon_03.png */; };
		CC59B5741CBBC23200518A22 /* icon_04.png in Resources */ = {isa = PBXBuildFile; fileRef = CC59B5641CBBC23200518A22 /* icon_04.png */; };
		CC59B5751CBBC23200518A22 /* icon_05.png in Resources */ = {isa = PBXBuildFile; fileRef = CC59B5651CBBC23200518A22 /* icon_05.png */; };
		CC59B5761CBBC23200518A22 /* icon_06.png in Resources */ = {isa = PBXBuildFile; fileRef = CC59B5661CBBC23200518A22 /* icon_06.png */; };
		CC59B5771CBBC23200518A22 /* icon_07.png in Resources */ = {isa = PBXBuildFile; fileRef = CC59B5671CBBC23200518A22 /* icon_07.png */; };
		CC59B5781CBBC23200518A22 /* icon_08.png in Resources */ = {isa = PBXBuildFile; fileRef = CC59B5681CBBC23200518A22 /* icon_08.png */; };
		CC59B5791CBBC23200518A22 /* icon_09.png in Resources */ = {isa = PBXBuildFile; fileRef = CC59B5691CBBC23200518A22 /* icon_09.png */; };
		CC59B57A1CBBC23200518A22 /* icon_10.png in Resources */ = {isa = PBXBuildFile; fileRef = CC59B56A1CBBC23200518A22 /* icon_10.png */; };
		CC59B57B1CBBC23200518A22 /* icon_11.png in Resources */ = {isa = PBXBuildFile; fileRef = CC59B56B1CBBC23200518A22 /* icon_11.png */; };
		CC59B57C1CBBC23200518A22 /* icon_12.png in Resources */ = {isa = PBXBuildFile; fileRef = CC59B56C1CBBC23200518A22 /* icon_12.png */; };
		CC59B57D1CBBC23200518A22 /* icon_13.png in Resources */ = {isa = PBXBuildFile; fileRef = CC59B56D1CBBC23200518A22 /* icon_13.png */; };
		CC59B57E1CBBC23200518A22 /* icon_14.png in Resources */ = {isa = PBXBuildFile; fileRef = CC59B56E1CBBC23200518A22 /* icon_14.png */; };
		CC59B57F1CBBC23200518A22 /* tgs.plist in Resources */ = {isa = PBXBuildFile; fileRef = CC59B56F1CBBC23200518A22 /* tgs.plist */; };
		CC59B5851CBBC29100518A22 /* LSTGModal.m in Sources */ = {isa = PBXBuildFile; fileRef = CC59B5841CBBC29100518A22 /* LSTGModal.m */; };
		CC59B5881CBBC2A200518A22 /* LSTableViewCell.m in Sources */ = {isa = PBXBuildFile; fileRef = CC59B5871CBBC2A200518A22 /* LSTableViewCell.m */; };
/* End PBXBuildFile section */

/* Begin PBXContainerItemProxy section */
		CC59B5421CBBC08E00518A22 /* PBXContainerItemProxy */ = {
			isa = PBXContainerItemProxy;
			containerPortal = CC59B5201CBBC08E00518A22 /* Project object */;
			proxyType = 1;
			remoteGlobalIDString = CC59B5271CBBC08E00518A22;
			remoteInfo = LSTGWithStoryboard;
		};
		CC59B54D1CBBC08E00518A22 /* PBXContainerItemProxy */ = {
			isa = PBXContainerItemProxy;
			containerPortal = CC59B5201CBBC08E00518A22 /* Project object */;
			proxyType = 1;
			remoteGlobalIDString = CC59B5271CBBC08E00518A22;
			remoteInfo = LSTGWithStoryboard;
		};
/* End PBXContainerItemProxy section */

/* Begin PBXFileReference section */
		CC59B5281CBBC08E00518A22 /* LSTGWithStoryboard.app */ = {isa = PBXFileReference; explicitFileType = wrapper.application; includeInIndex = 0; path = LSTGWithStoryboard.app; sourceTree = BUILT_PRODUCTS_DIR; };
		CC59B52C1CBBC08E00518A22 /* main.m */ = {isa = PBXFileReference; lastKnownFileType = sourcecode.c.objc; path = main.m; sourceTree = "<group>"; };
		CC59B52E1CBBC08E00518A22 /* AppDelegate.h */ = {isa = PBXFileReference; lastKnownFileType = sourcecode.c.h; path = AppDelegate.h; sourceTree = "<group>"; };
		CC59B52F1CBBC08E00518A22 /* AppDelegate.m */ = {isa = PBXFileReference; lastKnownFileType = sourcecode.c.objc; path = AppDelegate.m; sourceTree = "<group>"; };
		CC59B5311CBBC08E00518A22 /* ViewController.h */ = {isa = PBXFileReference; lastKnownFileType = sourcecode.c.h; name = ViewController.h; path = LSTGWithStoryboard/ViewController.h; sourceTree = "<group>"; };
		CC59B5321CBBC08E00518A22 /* ViewController.m */ = {isa = PBXFileReference; lastKnownFileType = sourcecode.c.objc; name = ViewController.m; path = LSTGWithStoryboard/ViewController.m; sourceTree = "<group>"; };
		CC59B5351CBBC08E00518A22 /* Base */ = {isa = PBXFileReference; lastKnownFileType = file.storyboard; name = Base; path = Base.lproj/Main.storyboard; sourceTree = "<group>"; };
		CC59B5371CBBC08E00518A22 /* Assets.xcassets */ = {isa = PBXFileReference; lastKnownFileType = folder.assetcatalog; path = Assets.xcassets; sourceTree = "<group>"; };
		CC59B53A1CBBC08E00518A22 /* Base */ = {isa = PBXFileReference; lastKnownFileType = file.storyboard; name = Base; path = Base.lproj/LaunchScreen.storyboard; sourceTree = "<group>"; };
		CC59B53C1CBBC08E00518A22 /* Info.plist */ = {isa = PBXFileReference; lastKnownFileType = text.plist.xml; path = Info.plist; sourceTree = "<group>"; };
		CC59B5411CBBC08E00518A22 /* LSTGWithStoryboardTests.xctest */ = {isa = PBXFileReference; explicitFileType = wrapper.cfbundle; includeInIndex = 0; path = LSTGWithStoryboardTests.xctest; sourceTree = BUILT_PRODUCTS_DIR; };
		CC59B5451CBBC08E00518A22 /* LSTGWithStoryboardTests.m */ = {isa = PBXFileReference; lastKnownFileType = sourcecode.c.objc; path = LSTGWithStoryboardTests.m; sourceTree = "<group>"; };
		CC59B5471CBBC08E00518A22 /* Info.plist */ = {isa = PBXFileReference; lastKnownFileType = text.plist.xml; path = Info.plist; sourceTree = "<group>"; };
		CC59B54C1CBBC08E00518A22 /* LSTGWithStoryboardUITests.xctest */ = {isa = PBXFileReference; explicitFileType = wrapper.cfbundle; includeInIndex = 0; path = LSTGWithStoryboardUITests.xctest; sourceTree = BUILT_PRODUCTS_DIR; };
		CC59B5501CBBC08E00518A22 /* LSTGWithStoryboardUITests.m */ = {isa = PBXFileReference; lastKnownFileType = sourcecode.c.objc; path = LSTGWithStoryboardUITests.m; sourceTree = "<group>"; };
		CC59B5521CBBC08E00518A22 /* Info.plist */ = {isa = PBXFileReference; lastKnownFileType = text.plist.xml; path = Info.plist; sourceTree = "<group>"; };
		CC59B5601CBBC23200518A22 /* icon_00.png */ = {isa = PBXFileReference; lastKnownFileType = image.png; path = icon_00.png; sourceTree = "<group>"; };
		CC59B5611CBBC23200518A22 /* icon_01.png */ = {isa = PBXFileReference; lastKnownFileType = image.png; path = icon_01.png; sourceTree = "<group>"; };
		CC59B5621CBBC23200518A22 /* icon_02.png */ = {isa = PBXFileReference; lastKnownFileType = image.png; path = icon_02.png; sourceTree = "<group>"; };
		CC59B5631CBBC23200518A22 /* icon_03.png */ = {isa = PBXFileReference; lastKnownFileType = image.png; path = icon_03.png; sourceTree = "<group>"; };
		CC59B5641CBBC23200518A22 /* icon_04.png */ = {isa = PBXFileReference; lastKnownFileType = image.png; path = icon_04.png; sourceTree = "<group>"; };
		CC59B5651CBBC23200518A22 /* icon_05.png */ = {isa = PBXFileReference; lastKnownFileType = image.png; path = icon_05.png; sourceTree = "<group>"; };
		CC59B5661CBBC23200518A22 /* icon_06.png */ = {isa = PBXFileReference; lastKnownFileType = image.png; path = icon_06.png; sourceTree = "<group>"; };
		CC59B5671CBBC23200518A22 /* icon_07.png */ = {isa = PBXFileReference; lastKnownFileType = image.png; path = icon_07.png; sourceTree = "<group>"; };
		CC59B5681CBBC23200518A22 /* icon_08.png */ = {isa = PBXFileReference; lastKnownFileType = image.png; path = icon_08.png; sourceTree = "<group>"; };
		CC59B5691CBBC23200518A22 /* icon_09.png */ = {isa = PBXFileReference; lastKnownFileType = image.png; path = icon_09.png; sourceTree = "<group>"; };
		CC59B56A1CBBC23200518A22 /* icon_10.png */ = {isa = PBXFileReference; lastKnownFileType = image.png; path = icon_10.png; sourceTree = "<group>"; };
		CC59B56B1CBBC23200518A22 /* icon_11.png */ = {isa = PBXFileReference; lastKnownFileType = image.png; path = icon_11.png; sourceTree = "<group>"; };
		CC59B56C1CBBC23200518A22 /* icon_12.png */ = {isa = PBXFileReference; lastKnownFileType = image.png; path = icon_12.png; sourceTree = "<group>"; };
		CC59B56D1CBBC23200518A22 /* icon_13.png */ = {isa = PBXFileReference; lastKnownFileType = image.png; path = icon_13.png; sourceTree = "<group>"; };
		CC59B56E1CBBC23200518A22 /* icon_14.png */ = {isa = PBXFileReference; lastKnownFileType = image.png; path = icon_14.png; sourceTree = "<group>"; };
		CC59B56F1CBBC23200518A22 /* tgs.plist */ = {isa = PBXFileReference; fileEncoding = 4; lastKnownFileType = text.plist.xml; path = tgs.plist; sourceTree = "<group>"; };
		CC59B5831CBBC29100518A22 /* LSTGModal.h */ = {isa = PBXFileReference; fileEncoding = 4; lastKnownFileType = sourcecode.c.h; path = LSTGModal.h; sourceTree = "<group>"; };
		CC59B5841CBBC29100518A22 /* LSTGModal.m */ = {isa = PBXFileReference; fileEncoding = 4; lastKnownFileType = sourcecode.c.objc; path = LSTGModal.m; sourceTree = "<group>"; };
		CC59B5861CBBC2A200518A22 /* LSTableViewCell.h */ = {isa = PBXFileReference; fileEncoding = 4; lastKnownFileType = sourcecode.c.h; path = LSTableViewCell.h; sourceTree = "<group>"; };
		CC59B5871CBBC2A200518A22 /* LSTableViewCell.m */ = {isa = PBXFileReference; fileEncoding = 4; lastKnownFileType = sourcecode.c.objc; path = LSTableViewCell.m; sourceTree = "<group>"; };
/* End PBXFileReference section */

/* Begin PBXFrameworksBuildPhase section */
		CC59B5251CBBC08E00518A22 /* Frameworks */ = {
			isa = PBXFrameworksBuildPhase;
			buildActionMask = 2147483647;
			files = (
			);
			runOnlyForDeploymentPostprocessing = 0;
		};
		CC59B53E1CBBC08E00518A22 /* Frameworks */ = {
			isa = PBXFrameworksBuildPhase;
			buildActionMask = 2147483647;
			files = (
			);
			runOnlyForDeploymentPostprocessing = 0;
		};
		CC59B5491CBBC08E00518A22 /* Frameworks */ = {
			isa = PBXFrameworksBuildPhase;
			buildActionMask = 2147483647;
			files = (
			);
			runOnlyForDeploymentPostprocessing = 0;
		};
/* End PBXFrameworksBuildPhase section */

/* Begin PBXGroup section */
		CC59B51F1CBBC08E00518A22 = {
			isa = PBXGroup;
			children = (
				CC59B5821CBBC28200518A22 /* Modal */,
				CC59B5811CBBC27D00518A22 /* View */,
				CC59B5801CBBC27400518A22 /* ViewController */,
				CC59B52A1CBBC08E00518A22 /* LSTGWithStoryboard */,
				CC59B5441CBBC08E00518A22 /* LSTGWithStoryboardTests */,
				CC59B54F1CBBC08E00518A22 /* LSTGWithStoryboardUITests */,
				CC59B5291CBBC08E00518A22 /* Products */,
			);
			sourceTree = "<group>";
		};
		CC59B5291CBBC08E00518A22 /* Products */ = {
			isa = PBXGroup;
			children = (
				CC59B5281CBBC08E00518A22 /* LSTGWithStoryboard.app */,
				CC59B5411CBBC08E00518A22 /* LSTGWithStoryboardTests.xctest */,
				CC59B54C1CBBC08E00518A22 /* LSTGWithStoryboardUITests.xctest */,
			);
			name = Products;
			sourceTree = "<group>";
		};
		CC59B52A1CBBC08E00518A22 /* LSTGWithStoryboard */ = {
			isa = PBXGroup;
			children = (
				CC59B52E1CBBC08E00518A22 /* AppDelegate.h */,
				CC59B52F1CBBC08E00518A22 /* AppDelegate.m */,
				CC59B5371CBBC08E00518A22 /* Assets.xcassets */,
				CC59B5391CBBC08E00518A22 /* LaunchScreen.storyboard */,
				CC59B53C1CBBC08E00518A22 /* Info.plist */,
				CC59B52B1CBBC08E00518A22 /* Supporting Files */,
			);
			path = LSTGWithStoryboard;
			sourceTree = "<group>";
		};
		CC59B52B1CBBC08E00518A22 /* Supporting Files */ = {
			isa = PBXGroup;
			children = (
				CC59B55E1CBBC23200518A22 /* TG */,
				CC59B52C1CBBC08E00518A22 /* main.m */,
			);
			name = "Supporting Files";
			sourceTree = "<group>";
		};
		CC59B5441CBBC08E00518A22 /* LSTGWithStoryboardTests */ = {
			isa = PBXGroup;
			children = (
				CC59B5451CBBC08E00518A22 /* LSTGWithStoryboardTests.m */,
				CC59B5471CBBC08E00518A22 /* Info.plist */,
			);
			path = LSTGWithStoryboardTests;
			sourceTree = "<group>";
		};
		CC59B54F1CBBC08E00518A22 /* LSTGWithStoryboardUITests */ = {
			isa = PBXGroup;
			children = (
				CC59B5501CBBC08E00518A22 /* LSTGWithStoryboardUITests.m */,
				CC59B5521CBBC08E00518A22 /* Info.plist */,
			);
			path = LSTGWithStoryboardUITests;
			sourceTree = "<group>";
		};
		CC59B55E1CBBC23200518A22 /* TG */ = {
			isa = PBXGroup;
			children = (
				CC59B55F1CBBC23200518A22 /* icons */,
				CC59B56F1CBBC23200518A22 /* tgs.plist */,
			);
			path = TG;
			sourceTree = "<group>";
		};
		CC59B55F1CBBC23200518A22 /* icons */ = {
			isa = PBXGroup;
			children = (
				CC59B5601CBBC23200518A22 /* icon_00.png */,
				CC59B5611CBBC23200518A22 /* icon_01.png */,
				CC59B5621CBBC23200518A22 /* icon_02.png */,
				CC59B5631CBBC23200518A22 /* icon_03.png */,
				CC59B5641CBBC23200518A22 /* icon_04.png */,
				CC59B5651CBBC23200518A22 /* icon_05.png */,
				CC59B5661CBBC23200518A22 /* icon_06.png */,
				CC59B5671CBBC23200518A22 /* icon_07.png */,
				CC59B5681CBBC23200518A22 /* icon_08.png */,
				CC59B5691CBBC23200518A22 /* icon_09.png */,
				CC59B56A1CBBC23200518A22 /* icon_10.png */,
				CC59B56B1CBBC23200518A22 /* icon_11.png */,
				CC59B56C1CBBC23200518A22 /* icon_12.png */,
				CC59B56D1CBBC23200518A22 /* icon_13.png */,
				CC59B56E1CBBC23200518A22 /* icon_14.png */,
			);
			path = icons;
			sourceTree = "<group>";
		};
		CC59B5801CBBC27400518A22 /* ViewController */ = {
			isa = PBXGroup;
			children = (
				CC59B5311CBBC08E00518A22 /* ViewController.h */,
				CC59B5321CBBC08E00518A22 /* ViewController.m */,
			);
			name = ViewController;
			sourceTree = "<group>";
		};
		CC59B5811CBBC27D00518A22 /* View */ = {
			isa = PBXGroup;
			children = (
				CC59B5341CBBC08E00518A22 /* Main.storyboard */,
				CC59B5861CBBC2A200518A22 /* LSTableViewCell.h */,
				CC59B5871CBBC2A200518A22 /* LSTableViewCell.m */,
			);
			name = View;
			sourceTree = "<group>";
		};
		CC59B5821CBBC28200518A22 /* Modal */ = {
			isa = PBXGroup;
			children = (
				CC59B5831CBBC29100518A22 /* LSTGModal.h */,
				CC59B5841CBBC29100518A22 /* LSTGModal.m */,
			);
			name = Modal;
			sourceTree = "<group>";
		};
/* End PBXGroup section */

/* Begin PBXNativeTarget section */
		CC59B5271CBBC08E00518A22 /* LSTGWithStoryboard */ = {
			isa = PBXNativeTarget;
			buildConfigurationList = CC59B5551CBBC08E00518A22 /* Build configuration list for PBXNativeTarget "LSTGWithStoryboard" */;
			buildPhases = (
				CC59B5241CBBC08E00518A22 /* Sources */,
				CC59B5251CBBC08E00518A22 /* Frameworks */,
				CC59B5261CBBC08E00518A22 /* Resources */,
			);
			buildRules = (
			);
			dependencies = (
			);
			name = LSTGWithStoryboard;
			productName = LSTGWithStoryboard;
			productReference = CC59B5281CBBC08E00518A22 /* LSTGWithStoryboard.app */;
			productType = "com.apple.product-type.application";
		};
		CC59B5401CBBC08E00518A22 /* LSTGWithStoryboardTests */ = {
			isa = PBXNativeTarget;
			buildConfigurationList = CC59B5581CBBC08E00518A22 /* Build configuration list for PBXNativeTarget "LSTGWithStoryboardTests" */;
			buildPhases = (
				CC59B53D1CBBC08E00518A22 /* Sources */,
				CC59B53E1CBBC08E00518A22 /* Frameworks */,
				CC59B53F1CBBC08E00518A22 /* Resources */,
			);
			buildRules = (
			);
			dependencies = (
				CC59B5431CBBC08E00518A22 /* PBXTargetDependency */,
			);
			name = LSTGWithStoryboardTests;
			productName = LSTGWithStoryboardTests;
			productReference = CC59B5411CBBC08E00518A22 /* LSTGWithStoryboardTests.xctest */;
			productType = "com.apple.product-type.bundle.unit-test";
		};
		CC59B54B1CBBC08E00518A22 /* LSTGWithStoryboardUITests */ = {
			isa = PBXNativeTarget;
			buildConfigurationList = CC59B55B1CBBC08E00518A22 /* Build configuration list for PBXNativeTarget "LSTGWithStoryboardUITests" */;
			buildPhases = (
				CC59B5481CBBC08E00518A22 /* Sources */,
				CC59B5491CBBC08E00518A22 /* Frameworks */,
				CC59B54A1CBBC08E00518A22 /* Resources */,
			);
			buildRules = (
			);
			dependencies = (
				CC59B54E1CBBC08E00518A22 /* PBXTargetDependency */,
			);
			name = LSTGWithStoryboardUITests;
			productName = LSTGWithStoryboardUITests;
			productReference = CC59B54C1CBBC08E00518A22 /* LSTGWithStoryboardUITests.xctest */;
			productType = "com.apple.product-type.bundle.ui-testing";
		};
/* End PBXNativeTarget section */

/* Begin PBXProject section */
		CC59B5201CBBC08E00518A22 /* Project object */ = {
			isa = PBXProject;
			attributes = {
				LastUpgradeCheck = 0720;
				ORGANIZATIONNAME = qingyun;
				TargetAttributes = {
					CC59B5271CBBC08E00518A22 = {
						CreatedOnToolsVersion = 7.2.1;
					};
					CC59B5401CBBC08E00518A22 = {
						CreatedOnToolsVersion = 7.2.1;
						TestTargetID = CC59B5271CBBC08E00518A22;
					};
					CC59B54B1CBBC08E00518A22 = {
						CreatedOnToolsVersion = 7.2.1;
						TestTargetID = CC59B5271CBBC08E00518A22;
					};
				};
			};
			buildConfigurationList = CC59B5231CBBC08E00518A22 /* Build configuration list for PBXProject "LSTGWithStoryboard" */;
			compatibilityVersion = "Xcode 3.2";
			developmentRegion = English;
			hasScannedForEncodings = 0;
			knownRegions = (
				en,
				Base,
			);
			mainGroup = CC59B51F1CBBC08E00518A22;
			productRefGroup = CC59B5291CBBC08E00518A22 /* Products */;
			projectDirPath = "";
			projectRoot = "";
			targets = (
				CC59B5271CBBC08E00518A22 /* LSTGWithStoryboard */,
				CC59B5401CBBC08E00518A22 /* LSTGWithStoryboardTests */,
				CC59B54B1CBBC08E00518A22 /* LSTGWithStoryboardUITests */,
			);
		};
/* End PBXProject section */

/* Begin PBXResourcesBuildPhase section */
		CC59B5261CBBC08E00518A22 /* Resources */ = {
			isa = PBXResourcesBuildPhase;
			buildActionMask = 2147483647;
			files = (
				CC59B5731CBBC23200518A22 /* icon_03.png in Resources */,
				CC59B57E1CBBC23200518A22 /* icon_14.png in Resources */,
				CC59B57D1CBBC23200518A22 /* icon_13.png in Resources */,
				CC59B57F1CBBC23200518A22 /* tgs.plist in Resources */,
				CC59B53B1CBBC08E00518A22 /* LaunchScreen.storyboard in Resources */,
				CC59B5741CBBC23200518A22 /* icon_04.png in Resources */,
				CC59B5381CBBC08E00518A22 /* Assets.xcassets in Resources */,
				CC59B5761CBBC23200518A22 /* icon_06.png in Resources */,
				CC59B5751CBBC23200518A22 /* icon_05.png in Resources */,
				CC59B5771CBBC23200518A22 /* icon_07.png in Resources */,
				CC59B57B1CBBC23200518A22 /* icon_11.png in Resources */,
				CC59B5701CBBC23200518A22 /* icon_00.png in Resources */,
				CC59B57C1CBBC23200518A22 /* icon_12.png in Resources */,
				CC59B5361CBBC08E00518A22 /* Main.storyboard in Resources */,
				CC59B5721CBBC23200518A22 /* icon_02.png in Resources */,
				CC59B5791CBBC23200518A22 /* icon_09.png in Resources */,
				CC59B5781CBBC23200518A22 /* icon_08.png in Resources */,
				CC59B5711CBBC23200518A22 /* icon_01.png in Resources */,
				CC59B57A1CBBC23200518A22 /* icon_10.png in Resources */,
			);
			runOnlyForDeploymentPostprocessing = 0;
		};
		CC59B53F1CBBC08E00518A22 /* Resources */ = {
			isa = PBXResourcesBuildPhase;
			buildActionMask = 2147483647;
			files = (
			);
			runOnlyForDeploymentPostprocessing = 0;
		};
		CC59B54A1CBBC08E00518A22 /* Resources */ = {
			isa = PBXResourcesBuildPhase;
			buildActionMask = 2147483647;
			files = (
			);
			runOnlyForDeploymentPostprocessing = 0;
		};
/* End PBXResourcesBuildPhase section */

/* Begin PBXSourcesBuildPhase section */
		CC59B5241CBBC08E00518A22 /* Sources */ = {
			isa = PBXSourcesBuildPhase;
			buildActionMask = 2147483647;
			files = (
				CC59B5331CBBC08E00518A22 /* ViewController.m in Sources */,
				CC59B5851CBBC29100518A22 /* LSTGModal.m in Sources */,
				CC59B5301CBBC08E00518A22 /* AppDelegate.m in Sources */,
				CC59B5881CBBC2A200518A22 /* LSTableViewCell.m in Sources */,
				CC59B52D1CBBC08E00518A22 /* main.m in Sources */,
			);
			runOnlyForDeploymentPostprocessing = 0;
		};
		CC59B53D1CBBC08E00518A22 /* Sources */ = {
			isa = PBXSourcesBuildPhase;
			buildActionMask = 2147483647;
			files = (
				CC59B5461CBBC08E00518A22 /* LSTGWithStoryboardTests.m in Sources */,
			);
			runOnlyForDeploymentPostprocessing = 0;
		};
		CC59B5481CBBC08E00518A22 /* Sources */ = {
			isa = PBXSourcesBuildPhase;
			buildActionMask = 2147483647;
			files = (
				CC59B5511CBBC08E00518A22 /* LSTGWithStoryboardUITests.m in Sources */,
			);
			runOnlyForDeploymentPostprocessing = 0;
		};
/* End PBXSourcesBuildPhase section */

/* Begin PBXTargetDependency section */
		CC59B5431CBBC08E00518A22 /* PBXTargetDependency */ = {
			isa = PBXTargetDependency;
			target = CC59B5271CBBC08E00518A22 /* LSTGWithStoryboard */;
			targetProxy = CC59B5421CBBC08E00518A22 /* PBXContainerItemProxy */;
		};
		CC59B54E1CBBC08E00518A22 /* PBXTargetDependency */ = {
			isa = PBXTargetDependency;
			target = CC59B5271CBBC08E00518A22 /* LSTGWithStoryboard */;
			targetProxy = CC59B54D1CBBC08E00518A22 /* PBXContainerItemProxy */;
		};
/* End PBXTargetDependency section */

/* Begin PBXVariantGroup section */
		CC59B5341CBBC08E00518A22 /* Main.storyboard */ = {
			isa = PBXVariantGroup;
			children = (
				CC59B5351CBBC08E00518A22 /* Base */,
			);
			name = Main.storyboard;
			path = LSTGWithStoryboard;
			sourceTree = "<group>";
		};
		CC59B5391CBBC08E00518A22 /* LaunchScreen.storyboard */ = {
			isa = PBXVariantGroup;
			children = (
				CC59B53A1CBBC08E00518A22 /* Base */,
			);
			name = LaunchScreen.storyboard;
			sourceTree = "<group>";
		};
/* End PBXVariantGroup section */

/* Begin XCBuildConfiguration section */
		CC59B5531CBBC08E00518A22 /* Debug */ = {
			isa = XCBuildConfiguration;
			buildSettings = {
				ALWAYS_SEARCH_USER_PATHS = NO;
				CLANG_CXX_LANGUAGE_STANDARD = "gnu++0x";
				CLANG_CXX_LIBRARY = "libc++";
				CLANG_ENABLE_MODULES = YES;
				CLANG_ENABLE_OBJC_ARC = YES;
				CLANG_WARN_BOOL_CONVERSION = YES;
				CLANG_WARN_CONSTANT_CONVERSION = YES;
				CLANG_WARN_DIRECT_OBJC_ISA_USAGE = YES_ERROR;
				CLANG_WARN_EMPTY_BODY = YES;
				CLANG_WARN_ENUM_CONVERSION = YES;
				CLANG_WARN_INT_CONVERSION = YES;
				CLANG_WARN_OBJC_ROOT_CLASS = YES_ERROR;
				CLANG_WARN_UNREACHABLE_CODE = YES;
				CLANG_WARN__DUPLICATE_METHOD_MATCH = YES;
				"CODE_SIGN_IDENTITY[sdk=iphoneos*]" = "iPhone Developer";
				COPY_PHASE_STRIP = NO;
				DEBUG_INFORMATION_FORMAT = dwarf;
				ENABLE_STRICT_OBJC_MSGSEND = YES;
				ENABLE_TESTABILITY = YES;
				GCC_C_LANGUAGE_STANDARD = gnu99;
				GCC_DYNAMIC_NO_PIC = NO;
				GCC_NO_COMMON_BLOCKS = YES;
				GCC_OPTIMIZATION_LEVEL = 0;
				GCC_PREPROCESSOR_DEFINITIONS = (
					"DEBUG=1",
					"$(inherited)",
				);
				GCC_WARN_64_TO_32_BIT_CONVERSION = YES;
				GCC_WARN_ABOUT_RETURN_TYPE = YES_ERROR;
				GCC_WARN_UNDECLARED_SELECTOR = YES;
				GCC_WARN_UNINITIALIZED_AUTOS = YES_AGGRESSIVE;
				GCC_WARN_UNUSED_FUNCTION = YES;
				GCC_WARN_UNUSED_VARIABLE = YES;
				IPHONEOS_DEPLOYMENT_TARGET = 9.2;
				MTL_ENABLE_DEBUG_INFO = YES;
				ONLY_ACTIVE_ARCH = YES;
				SDKROOT = iphoneos;
				TARGETED_DEVICE_FAMILY = "1,2";
			};
			name = Debug;
		};
		CC59B5541CBBC08E00518A22 /* Release */ = {
			isa = XCBuildConfiguration;
			buildSettings = {
				ALWAYS_SEARCH_USER_PATHS = NO;
				CLANG_CXX_LANGUAGE_STANDARD = "gnu++0x";
				CLANG_CXX_LIBRARY = "libc++";
				CLANG_ENABLE_MODULES = YES;
				CLANG_ENABLE_OBJC_ARC = YES;
				CLANG_WARN_BOOL_CONVERSION = YES;
				CLANG_WARN_CONSTANT_CONVERSION = YES;
				CLANG_WARN_DIRECT_OBJC_ISA_USAGE = YES_ERROR;
				CLANG_WARN_EMPTY_BODY = YES;
				CLANG_WARN_ENUM_CONVERSION = YES;
				CLANG_WARN_INT_CONVERSION = YES;
				CLANG_WARN_OBJC_ROOT_CLASS = YES_ERROR;
				CLANG_WARN_UNREACHABLE_CODE = YES;
				CLANG_WARN__DUPLICATE_METHOD_MATCH = YES;
				"CODE_SIGN_IDENTITY[sdk=iphoneos*]" = "iPhone Developer";
				COPY_PHASE_STRIP = NO;
				DEBUG_INFORMATION_FORMAT = "dwarf-with-dsym";
				ENABLE_NS_ASSERTIONS = NO;
				ENABLE_STRICT_OBJC_MSGSEND = YES;
				GCC_C_LANGUAGE_STANDARD = gnu99;
				GCC_NO_COMMON_BLOCKS = YES;
				GCC_WARN_64_TO_32_BIT_CONVERSION = YES;
				GCC_WARN_ABOUT_RETURN_TYPE = YES_ERROR;
				GCC_WARN_UNDECLARED_SELECTOR = YES;
				GCC_WARN_UNINITIALIZED_AUTOS = YES_AGGRESSIVE;
				GCC_WARN_UNUSED_FUNCTION = YES;
				GCC_WARN_UNUSED_VARIABLE = YES;
				IPHONEOS_DEPLOYMENT_TARGET = 9.2;
				MTL_ENABLE_DEBUG_INFO = NO;
				SDKROOT = iphoneos;
				TARGETED_DEVICE_FAMILY = "1,2";
				VALIDATE_PRODUCT = YES;
			};
			name = Release;
		};
		CC59B5561CBBC08E00518A22 /* Debug */ = {
			isa = XCBuildConfiguration;
			buildSettings = {
				ASSETCATALOG_COMPILER_APPICON_NAME = AppIcon;
				INFOPLIST_FILE = LSTGWithStoryboard/Info.plist;
				LD_RUNPATH_SEARCH_PATHS = "$(inherited) @executable_path/Frameworks";
				PRODUCT_BUNDLE_IDENTIFIER = com.qingyun.LSTGWithStoryboard;
				PRODUCT_NAME = "$(TARGET_NAME)";
			};
			name = Debug;
		};
		CC59B5571CBBC08E00518A22 /* Release */ = {
			isa = XCBuildConfiguration;
			buildSettings = {
				ASSETCATALOG_COMPILER_APPICON_NAME = AppIcon;
				INFOPLIST_FILE = LSTGWithStoryboard/Info.plist;
				LD_RUNPATH_SEARCH_PATHS = "$(inherited) @executable_path/Frameworks";
				PRODUCT_BUNDLE_IDENTIFIER = com.qingyun.LSTGWithStoryboard;
				PRODUCT_NAME = "$(TARGET_NAME)";
			};
			name = Release;
		};
		CC59B5591CBBC08E00518A22 /* Debug */ = {
			isa = XCBuildConfiguration;
			buildSettings = {
				BUNDLE_LOADER = "$(TEST_HOST)";
				INFOPLIST_FILE = LSTGWithStoryboardTests/Info.plist;
				LD_RUNPATH_SEARCH_PATHS = "$(inherited) @executable_path/Frameworks @loader_path/Frameworks";
				PRODUCT_BUNDLE_IDENTIFIER = com.qingyun.LSTGWithStoryboardTests;
				PRODUCT_NAME = "$(TARGET_NAME)";
				TEST_HOST = "$(BUILT_PRODUCTS_DIR)/LSTGWithStoryboard.app/LSTGWithStoryboard";
			};
			name = Debug;
		};
		CC59B55A1CBBC08E00518A22 /* Release */ = {
			isa = XCBuildConfiguration;
			buildSettings = {
				BUNDLE_LOADER = "$(TEST_HOST)";
				INFOPLIST_FILE = LSTGWithStoryboardTests/Info.plist;
				LD_RUNPATH_SEARCH_PATHS = "$(inherited) @executable_path/Frameworks @loader_path/Frameworks";
				PRODUCT_BUNDLE_IDENTIFIER = com.qingyun.LSTGWithStoryboardTests;
				PRODUCT_NAME = "$(TARGET_NAME)";
				TEST_HOST = "$(BUILT_PRODUCTS_DIR)/LSTGWithStoryboard.app/LSTGWithStoryboard";
			};
			name = Release;
		};
		CC59B55C1CBBC08E00518A22 /* Debug */ = {
			isa = XCBuildConfiguration;
			buildSettings = {
				INFOPLIST_FILE = LSTGWithStoryboardUITests/Info.plist;
				LD_RUNPATH_SEARCH_PATHS = "$(inherited) @executable_path/Frameworks @loader_path/Frameworks";
				PRODUCT_BUNDLE_IDENTIFIER = com.qingyun.LSTGWithStoryboardUITests;
				PRODUCT_NAME = "$(TARGET_NAME)";
				TEST_TARGET_NAME = LSTGWithStoryboard;
				USES_XCTRUNNER = YES;
			};
			name = Debug;
		};
		CC59B55D1CBBC08E00518A22 /* Release */ = {
			isa = XCBuildConfiguration;
			buildSettings = {
				INFOPLIST_FILE = LSTGWithStoryboardUITests/Info.plist;
				LD_RUNPATH_SEARCH_PATHS = "$(inherited) @executable_path/Frameworks @loader_path/Frameworks";
				PRODUCT_BUNDLE_IDENTIFIER = com.qingyun.LSTGWithStoryboardUITests;
				PRODUCT_NAME = "$(TARGET_NAME)";
				TEST_TARGET_NAME = LSTGWithStoryboard;
				USES_XCTRUNNER = YES;
			};
			name = Release;
		};
/* End XCBuildConfiguration section */

/* Begin XCConfigurationList section */
		CC59B5231CBBC08E00518A22 /* Build configuration list for PBXProject "LSTGWithStoryboard" */ = {
			isa = XCConfigurationList;
			buildConfigurations = (
				CC59B5531CBBC08E00518A22 /* Debug */,
				CC59B5541CBBC08E00518A22 /* Release */,
			);
			defaultConfigurationIsVisible = 0;
			defaultConfigurationName = Release;
		};
		CC59B5551CBBC08E00518A22 /* Build configuration list for PBXNativeTarget "LSTGWithStoryboard" */ = {
			isa = XCConfigurationList;
			buildConfigurations = (
				CC59B5561CBBC08E00518A22 /* Debug */,
				CC59B5571CBBC08E00518A22 /* Release */,
			);
			defaultConfigurationIsVisible = 0;
		};
		CC59B5581CBBC08E00518A22 /* Build configuration list for PBXNativeTarget "LSTGWithStoryboardTests" */ = {
			isa = XCConfigurationList;
			buildConfigurations = (
				CC59B5591CBBC08E00518A22 /* Debug */,
				CC59B55A1CBBC08E00518A22 /* Release */,
			);
			defaultConfigurationIsVisible = 0;
		};
		CC59B55B1CBBC08E00518A22 /* Build configuration list for PBXNativeTarget "LSTGWithStoryboardUITests" */ = {
			isa = XCConfigurationList;
			buildConfigurations = (
				CC59B55C1CBBC08E00518A22 /* Debug */,
				CC59B55D1CBBC08E00518A22 /* Release */,
			);
			defaultConfigurationIsVisible = 0;
		};
/* End XCConfigurationList section */
	};
	rootObject = CC59B5201CBBC08E00518A22 /* Project object */;
}
